
Microsoft Visual Studio Solution File, Format Version 12.00
# Visual Studio Version 17
VisualStudioVersion = 17.7.34018.315
MinimumVisualStudioVersion = 10.0.40219.1
Project("{FAE04EC0-301F-11D3-BF4B-00C04F79EFBC}") = "Enumerations", "Enumerations\Enumerations.csproj", "{8CADFD1D-95F7-4D76-A9C1-12CE9557B97B}"
EndProject
Project("{FAE04EC0-301F-11D3-BF4B-00C04F79EFBC}") = "Structs", "Structs\Structs.csproj", "{F03D320F-D373-4025-B82F-F78DC9D8DB0B}"
EndProject
Project("{FAE04EC0-301F-11D3-BF4B-00C04F79EFBC}") = "Arrays", "Arrays\Arrays.csproj", "{DA1AB32B-5B78-438F-AE03-20B9667ABD86}"
EndProject
Project("{FAE04EC0-301F-11D3-BF4B-00C04F79EFBC}") = "IterateArray", "IterateArray\IterateArray.csproj", "{6E76808A-F24D-4065-83BC-F5C3D23F2833}"
EndProject
Project("{FAE04EC0-301F-11D3-BF4B-00C04F79EFBC}") = "MultidimensionalArrays", "MultidimensionalArrays\MultidimensionalArrays.csproj", "{3C71892A-0751-4A12-A702-9FE64251A802}"
EndProject
Project("{FAE04EC0-301F-11D3-BF4B-00C04F79EFBC}") = "ArrayOfArray", "ArrayOfArray\ArrayOfArray.csproj", "{B2F78DCF-9B96-47AB-A3AA-1C199BA09835}"
EndProject
Global
	GlobalSection(SolutionConfigurationPlatforms) = preSolution
		Debug|Any CPU = Debug|Any CPU
		Release|Any CPU = Release|Any CPU
	EndGlobalSection
	GlobalSection(ProjectConfigurationPlatforms) = postSolution
		{8CADFD1D-95F7-4D76-A9C1-12CE9557B97B}.Debug|Any CPU.ActiveCfg = Debug|Any CPU
		{8CADFD1D-95F7-4D76-A9C1-12CE9557B97B}.Debug|Any CPU.Build.0 = Debug|Any CPU
		{8CADFD1D-95F7-4D76-A9C1-12CE9557B97B}.Release|Any CPU.ActiveCfg = Release|Any CPU
		{8CADFD1D-95F7-4D76-A9C1-12CE9557B97B}.Release|Any CPU.Build.0 = Release|Any CPU
		{F03D320F-D373-4025-B82F-F78DC9D8DB0B}.Debug|Any CPU.ActiveCfg = Debug|Any CPU
		{F03D320F-D373-4025-B82F-F78DC9D8DB0B}.Debug|Any CPU.Build.0 = Debug|Any CPU
		{F03D320F-D373-4025-B82F-F78DC9D8DB0B}.Release|Any CPU.ActiveCfg = Release|Any CPU
		{F03D320F-D373-4025-B82F-F78DC9D8DB0B}.Release|Any CPU.Build.0 = Release|Any CPU
		{DA1AB32B-5B78-438F-AE03-20B9667ABD86}.Debug|Any CPU.ActiveCfg = Debug|Any CPU
		{DA1AB32B-5B78-438F-AE03-20B9667ABD86}.Debug|Any CPU.Build.0 = Debug|Any CPU
		{DA1AB32B-5B78-438F-AE03-20B9667ABD86}.Release|Any CPU.ActiveCfg = Release|Any CPU
		{DA1AB32B-5B78-438F-AE03-20B9667ABD86}.Release|Any CPU.Build.0 = Release|Any CPU
		{6E76808A-F24D-4065-83BC-F5C3D23F2833}.Debug|Any CPU.ActiveCfg = Debug|Any CPU
		{6E76808A-F24D-4065-83BC-F5C3D23F2833}.Debug|Any CPU.Build.0 = Debug|Any CPU
		{6E76808A-F24D-4065-83BC-F5C3D23F2833}.Release|Any CPU.ActiveCfg = Release|Any CPU
		{6E76808A-F24D-4065-83BC-F5C3D23F2833}.Release|Any CPU.Build.0 = Release|Any CPU
		{3C71892A-0751-4A12-A702-9FE64251A802}.Debug|Any CPU.ActiveCfg = Debug|Any CPU
		{3C71892A-0751-4A12-A702-9FE64251A802}.Debug|Any CPU.Build.0 = Debug|Any CPU
		{3C71892A-0751-4A12-A702-9FE64251A802}.Release|Any CPU.ActiveCfg = Release|Any CPU
		{3C71892A-0751-4A12-A702-9FE64251A802}.Release|Any CPU.Build.0 = Release|Any CPU
		{B2F78DCF-9B96-47AB-A3AA-1C199BA09835}.Debug|Any CPU.ActiveCfg = Debug|Any CPU
		{B2F78DCF-9B96-47AB-A3AA-1C199BA09835}.Debug|Any CPU.Build.0 = Debug|Any CPU
		{B2F78DCF-9B96-47AB-A3AA-1C199BA09835}.Release|Any CPU.ActiveCfg = Release|Any CPU
		{B2F78DCF-9B96-47AB-A3AA-1C199BA09835}.Release|Any CPU.Build.0 = Release|Any CPU
	EndGlobalSection
	GlobalSection(SolutionProperties) = preSolution
		HideSolutionNode = FALSE
	EndGlobalSection
	GlobalSection(ExtensibilityGlobals) = postSolution
		SolutionGuid = {4819E138-E6F9-4B4D-8847-BC6BDC853315}
	EndGlobalSection
EndGlobal
